GEM
  remote: https://rubygems.org/
  specs:
    ast (2.3.0)
    parser (2.3.1.4)
      ast (~> 2.2)
    rainbow (2.1.0)
    ruby-lint (2.3.0)
      parser (~> 2.2)
      slop (~> 3.4, >= 3.4.7)
    sass (3.4.22)
    scss-lint (0.38.0)
      rainbow (~> 2.0)
      sass (~> 3.4.1)
    slop (3.6.0)

PLATFORMS
  ruby

DEPENDENCIES
  ruby-lint
  scss-lint

BUNDLED WITH
   1.10.6
